Microsoft Visual Studio Solution File, Format Version 10.00
# Visual Studio 2008
Project("{F184B08F-C81C-45F6-A57F-5ABD9991F28F}") = "validation_engine", "controls\validation_engine\validation_engine.vbproj", "{E7211769-E7BE-4EAC-AB2E-C4EA52D402BE}"
	ProjectSection(ProjectDependencies) = postProject
		{B95DAD56-BC54-4E3A-BACD-2471B3832C44} = {B95DAD56-BC54-4E3A-BACD-2471B3832C44}
		{FA6D28AA-9C14-4F7A-B3E7-03F592C54B84} = {FA6D28AA-9C14-4F7A-B3E7-03F592C54B84}
	EndProjectSection
EndProject
Project("{F184B08F-C81C-45F6-A57F-5ABD9991F28F}") = "WebLabCustomDataTypes", "controls\WebLabCustomDataTypes\WebLabCustomDataTypes.vbproj", "{B95DAD56-BC54-4E3A-BACD-2471B3832C44}"
EndProject
Project("{F184B08F-C81C-45F6-A57F-5ABD9991F28F}") = "WebLabDataManagers", "controls\WebLabDataManagers\WebLabDataManagers.vbproj", "{FA6D28AA-9C14-4F7A-B3E7-03F592C54B84}"
	ProjectSection(ProjectDependencies) = postProject
		{B95DAD56-BC54-4E3A-BACD-2471B3832C44} = {B95DAD56-BC54-4E3A-BACD-2471B3832C44}
	EndProjectSection
EndProject
Project("{F184B08F-C81C-45F6-A57F-5ABD9991F28F}") = "experiment_engine", "experiment_engine\experiment_engine.vbproj", "{27791CD5-EE10-446B-9646-52658F7394A2}"
	ProjectSection(ProjectDependencies) = postProject
		{B95DAD56-BC54-4E3A-BACD-2471B3832C44} = {B95DAD56-BC54-4E3A-BACD-2471B3832C44}
		{E7211769-E7BE-4EAC-AB2E-C4EA52D402BE} = {E7211769-E7BE-4EAC-AB2E-C4EA52D402BE}
		{20AD5AA1-F7E9-4EDA-9C89-5F5F0E32B7DA} = {20AD5AA1-F7E9-4EDA-9C89-5F5F0E32B7DA}
		{FA6D28AA-9C14-4F7A-B3E7-03F592C54B84} = {FA6D28AA-9C14-4F7A-B3E7-03F592C54B84}
		{2D1D12FD-51A3-4751-B628-8D5260C138BB} = {2D1D12FD-51A3-4751-B628-8D5260C138BB}
	EndProjectSection
EndProject
Project("{F184B08F-C81C-45F6-A57F-5ABD9991F28F}") = "OpAmpInverter", "ExperimentSetups\wrappers\OpAmpInverter\OpAmpInverter.vbproj", "{2D1D12FD-51A3-4751-B628-8D5260C138BB}"
EndProject
Project("{FAE04EC0-301F-11D3-BF4B-00C04F79EFBC}") = "iLabUtil", "iLabUtil\iLabUtil.csproj", "{20AD5AA1-F7E9-4EDA-9C89-5F5F0E32B7DA}"
EndProject
Project("{E24C65DC-7377-472B-9ABA-BC803B73C61A}") = "LabServer", "http://localhost/LabServer", "{C3622488-DAE7-405F-B716-C0866222959A}"
	ProjectSection(WebsiteProperties) = preProject
		TargetFramework = "2.0"
		Debug.AspNetCompiler.VirtualPath = "/LabServer"
		Debug.AspNetCompiler.PhysicalPath = "www\"
		Debug.AspNetCompiler.TargetPath = "PrecompiledWeb\LabServer\"
		Debug.AspNetCompiler.Updateable = "true"
		Debug.AspNetCompiler.ForceOverwrite = "true"
		Debug.AspNetCompiler.FixedNames = "false"
		Debug.AspNetCompiler.Debug = "True"
		Release.AspNetCompiler.VirtualPath = "/LabServer"
		Release.AspNetCompiler.PhysicalPath = "www\"
		Release.AspNetCompiler.TargetPath = "PrecompiledWeb\LabServer\"
		Release.AspNetCompiler.Updateable = "true"
		Release.AspNetCompiler.ForceOverwrite = "true"
		Release.AspNetCompiler.FixedNames = "false"
		Release.AspNetCompiler.Debug = "False"
		SlnRelativePath = "www\"
	EndProjectSection
EndProject
Global
	GlobalSection(SolutionConfigurationPlatforms) = preSolution
		Debug|Any CPU = Debug|Any CPU
		Release|Any CPU = Release|Any CPU
	EndGlobalSection
	GlobalSection(ProjectConfigurationPlatforms) = postSolution
		{E7211769-E7BE-4EAC-AB2E-C4EA52D402BE}.Debug|Any CPU.ActiveCfg = Debug|Any CPU
		{E7211769-E7BE-4EAC-AB2E-C4EA52D402BE}.Debug|Any CPU.Build.0 = Debug|Any CPU
		{E7211769-E7BE-4EAC-AB2E-C4EA52D402BE}.Release|Any CPU.ActiveCfg = Release|Any CPU
		{B95DAD56-BC54-4E3A-BACD-2471B3832C44}.Debug|Any CPU.ActiveCfg = Debug|Any CPU
		{B95DAD56-BC54-4E3A-BACD-2471B3832C44}.Debug|Any CPU.Build.0 = Debug|Any CPU
		{B95DAD56-BC54-4E3A-BACD-2471B3832C44}.Release|Any CPU.ActiveCfg = Release|Any CPU
		{FA6D28AA-9C14-4F7A-B3E7-03F592C54B84}.Debug|Any CPU.ActiveCfg = Debug|Any CPU
		{FA6D28AA-9C14-4F7A-B3E7-03F592C54B84}.Debug|Any CPU.Build.0 = Debug|Any CPU
		{FA6D28AA-9C14-4F7A-B3E7-03F592C54B84}.Release|Any CPU.ActiveCfg = Release|Any CPU
		{27791CD5-EE10-446B-9646-52658F7394A2}.Debug|Any CPU.ActiveCfg = Debug|Any CPU
		{27791CD5-EE10-446B-9646-52658F7394A2}.Release|Any CPU.ActiveCfg = Release|Any CPU
		{2D1D12FD-51A3-4751-B628-8D5260C138BB}.Debug|Any CPU.ActiveCfg = Debug|Any CPU
		{2D1D12FD-51A3-4751-B628-8D5260C138BB}.Release|Any CPU.ActiveCfg = Release|Any CPU
		{20AD5AA1-F7E9-4EDA-9C89-5F5F0E32B7DA}.Debug|Any CPU.ActiveCfg = Debug|Any CPU
		{20AD5AA1-F7E9-4EDA-9C89-5F5F0E32B7DA}.Release|Any CPU.ActiveCfg = Release|Any CPU
		{C3622488-DAE7-405F-B716-C0866222959A}.Debug|Any CPU.ActiveCfg = Debug|Any CPU
		{C3622488-DAE7-405F-B716-C0866222959A}.Debug|Any CPU.Build.0 = Debug|Any CPU
		{C3622488-DAE7-405F-B716-C0866222959A}.Release|Any CPU.ActiveCfg = Debug|Any CPU
		{C3622488-DAE7-405F-B716-C0866222959A}.Release|Any CPU.Build.0 = Debug|Any CPU
	EndGlobalSection
	GlobalSection(SolutionProperties) = preSolution
		HideSolutionNode = FALSE
	EndGlobalSection
EndGlobal
