Microsoft Visual Studio Solution File, Format Version 8.00
Project("{F184B08F-C81C-45F6-A57F-5ABD9991F28F}") = "validation_engine", "controls\validation_engine\validation_engine.vbproj", "{E7211769-E7BE-4EAC-AB2E-C4EA52D402BE}"
	ProjectSection(ProjectDependencies) = postProject
		{FA6D28AA-9C14-4F7A-B3E7-03F592C54B84} = {FA6D28AA-9C14-4F7A-B3E7-03F592C54B84}
	EndProjectSection
EndProject
Project("{F184B08F-C81C-45F6-A57F-5ABD9991F28F}") = "WebLabCustomDataTypes", "controls\WebLabCustomDataTypes\WebLabCustomDataTypes.vbproj", "{B95DAD56-BC54-4E3A-BACD-2471B3832C44}"
	ProjectSection(ProjectDependencies) = postProject
	EndProjectSection
EndProject
Project("{F184B08F-C81C-45F6-A57F-5ABD9991F28F}") = "WebLabDataManagers", "controls\WebLabDataManagers\WebLabDataManagers.vbproj", "{FA6D28AA-9C14-4F7A-B3E7-03F592C54B84}"
	ProjectSection(ProjectDependencies) = postProject
		{B95DAD56-BC54-4E3A-BACD-2471B3832C44} = {B95DAD56-BC54-4E3A-BACD-2471B3832C44}
	EndProjectSection
EndProject
Project("{F184B08F-C81C-45F6-A57F-5ABD9991F28F}") = "experiment_engine", "experiment_engine\experiment_engine.vbproj", "{27791CD5-EE10-446B-9646-52658F7394A2}"
	ProjectSection(ProjectDependencies) = postProject
	EndProjectSection
EndProject
Project("{F184B08F-C81C-45F6-A57F-5ABD9991F28F}") = "ILab", "services\ILab\ILab.vbproj", "{2BF9060F-C312-4508-A64C-92018E46A9AD}"
	ProjectSection(ProjectDependencies) = postProject
	EndProjectSection
EndProject
Project("{F184B08F-C81C-45F6-A57F-5ABD9991F28F}") = "OpAmpInverter", "ExperimentSetups\wrappers\OpAmpInverter\OpAmpInverter.vbproj", "{2D1D12FD-51A3-4751-B628-8D5260C138BB}"
	ProjectSection(ProjectDependencies) = postProject
	EndProjectSection
EndProject
Project("{F184B08F-C81C-45F6-A57F-5ABD9991F28F}") = "LabServer", "http://localhost/LabServer/LabServer.vbproj", "{CDBC9FBE-2B02-42C3-9ABA-4C7BBB58B62C}"
	ProjectSection(ProjectDependencies) = postProject
	EndProjectSection
EndProject
Global
	GlobalSection(SolutionConfiguration) = preSolution
		Debug = Debug
		Release = Release
	EndGlobalSection
	GlobalSection(ProjectConfiguration) = postSolution
		{E7211769-E7BE-4EAC-AB2E-C4EA52D402BE}.Debug.ActiveCfg = Debug|.NET
		{E7211769-E7BE-4EAC-AB2E-C4EA52D402BE}.Debug.Build.0 = Debug|.NET
		{E7211769-E7BE-4EAC-AB2E-C4EA52D402BE}.Release.ActiveCfg = Release|.NET
		{B95DAD56-BC54-4E3A-BACD-2471B3832C44}.Debug.ActiveCfg = Debug|.NET
		{B95DAD56-BC54-4E3A-BACD-2471B3832C44}.Debug.Build.0 = Debug|.NET
		{B95DAD56-BC54-4E3A-BACD-2471B3832C44}.Release.ActiveCfg = Release|.NET
		{FA6D28AA-9C14-4F7A-B3E7-03F592C54B84}.Debug.ActiveCfg = Debug|.NET
		{FA6D28AA-9C14-4F7A-B3E7-03F592C54B84}.Debug.Build.0 = Debug|.NET
		{FA6D28AA-9C14-4F7A-B3E7-03F592C54B84}.Release.ActiveCfg = Release|.NET
		{27791CD5-EE10-446B-9646-52658F7394A2}.Debug.ActiveCfg = Debug|.NET
		{27791CD5-EE10-446B-9646-52658F7394A2}.Release.ActiveCfg = Release|.NET
		{2BF9060F-C312-4508-A64C-92018E46A9AD}.Debug.ActiveCfg = Debug|.NET
		{2BF9060F-C312-4508-A64C-92018E46A9AD}.Debug.Build.0 = Debug|.NET
		{2BF9060F-C312-4508-A64C-92018E46A9AD}.Release.ActiveCfg = Release|.NET
		{2D1D12FD-51A3-4751-B628-8D5260C138BB}.Debug.ActiveCfg = Debug|.NET
		{2D1D12FD-51A3-4751-B628-8D5260C138BB}.Debug.Build.0 = Debug|.NET
		{2D1D12FD-51A3-4751-B628-8D5260C138BB}.Release.ActiveCfg = Release|.NET
		{2D1D12FD-51A3-4751-B628-8D5260C138BB}.Release.Build.0 = Release|.NET
		{CDBC9FBE-2B02-42C3-9ABA-4C7BBB58B62C}.Debug.ActiveCfg = Debug|.NET
		{CDBC9FBE-2B02-42C3-9ABA-4C7BBB58B62C}.Debug.Build.0 = Debug|.NET
		{CDBC9FBE-2B02-42C3-9ABA-4C7BBB58B62C}.Release.ActiveCfg = Release|.NET
		{CDBC9FBE-2B02-42C3-9ABA-4C7BBB58B62C}.Release.Build.0 = Release|.NET
	EndGlobalSection
	GlobalSection(ExtensibilityGlobals) = postSolution
	EndGlobalSection
	GlobalSection(ExtensibilityAddIns) = postSolution
	EndGlobalSection
EndGlobal
