Microsoft Visual Studio Solution File, Format Version 10.00
# Visual Studio 2008
Project("{E24C65DC-7377-472B-9ABA-BC803B73C61A}") = "LabServer", "http://localhost/LabServer", "{C3622488-DAE7-405F-B716-C0866222959A}"
	ProjectSection(WebsiteProperties) = preProject
		TargetFramework = "2.0"
		Debug.AspNetCompiler.VirtualPath = "/LabServer"
		Debug.AspNetCompiler.PhysicalPath = "www\"
		Debug.AspNetCompiler.TargetPath = "PrecompiledWeb\LabServer\"
		Debug.AspNetCompiler.Updateable = "true"
		Debug.AspNetCompiler.ForceOverwrite = "true"
		Debug.AspNetCompiler.FixedNames = "false"
		Debug.AspNetCompiler.Debug = "True"
		Release.AspNetCompiler.VirtualPath = "/LabServer"
		Release.AspNetCompiler.PhysicalPath = "www\"
		Release.AspNetCompiler.TargetPath = "PrecompiledWeb\LabServer\"
		Release.AspNetCompiler.Updateable = "true"
		Release.AspNetCompiler.ForceOverwrite = "true"
		Release.AspNetCompiler.FixedNames = "false"
		Release.AspNetCompiler.Debug = "False"
		SlnRelativePath = "www\"
	EndProjectSection
EndProject
Project("{F184B08F-C81C-45F6-A57F-5ABD9991F28F}") = "experiment_engine", "ExperimentEngine\experiment_engine\experiment_engine.vbproj", "{27791CD5-EE10-446B-9646-52658F7394A2}"
EndProject
Project("{2150E333-8FDC-42A3-9474-1A3956D46DE8}") = "ExperimentEngine", "ExperimentEngine", "{10FED010-707E-498D-A5DA-0D35542E7D67}"
EndProject
Project("{F184B08F-C81C-45F6-A57F-5ABD9991F28F}") = "OpAmpInverter", "ExperimentEngine\ExperimentSetups\wrappers\OpAmpInverter\OpAmpInverter.vbproj", "{10C66228-D5CB-40CD-9C0E-93A5BEFFFBDA}"
EndProject
Project("{FAE04EC0-301F-11D3-BF4B-00C04F79EFBC}") = "WebLabUtil", "ExperimentEngine\WebLabUtil\WebLabUtil.csproj", "{20AD5AA1-F7E9-4EDA-9C89-5F5F0E32B7DA}"
EndProject
Project("{F184B08F-C81C-45F6-A57F-5ABD9991F28F}") = "WebLab", "WebLab\WebLab.vbproj", "{FA6D28AA-9C14-4F7A-B3E7-03F592C54B84}"
EndProject
Global
	GlobalSection(SolutionConfigurationPlatforms) = preSolution
		Debug|Any CPU = Debug|Any CPU
		Debug|x86 = Debug|x86
		Release|Any CPU = Release|Any CPU
		Release|x86 = Release|x86
	EndGlobalSection
	GlobalSection(ProjectConfigurationPlatforms) = postSolution
		{C3622488-DAE7-405F-B716-C0866222959A}.Debug|Any CPU.ActiveCfg = Debug|Any CPU
		{C3622488-DAE7-405F-B716-C0866222959A}.Debug|Any CPU.Build.0 = Debug|Any CPU
		{C3622488-DAE7-405F-B716-C0866222959A}.Debug|x86.ActiveCfg = Debug|Any CPU
		{C3622488-DAE7-405F-B716-C0866222959A}.Release|Any CPU.ActiveCfg = Debug|Any CPU
		{C3622488-DAE7-405F-B716-C0866222959A}.Release|Any CPU.Build.0 = Debug|Any CPU
		{C3622488-DAE7-405F-B716-C0866222959A}.Release|x86.ActiveCfg = Debug|Any CPU
		{27791CD5-EE10-446B-9646-52658F7394A2}.Debug|Any CPU.ActiveCfg = Debug|x86
		{27791CD5-EE10-446B-9646-52658F7394A2}.Debug|Any CPU.Build.0 = Debug|x86
		{27791CD5-EE10-446B-9646-52658F7394A2}.Debug|x86.ActiveCfg = Debug|x86
		{27791CD5-EE10-446B-9646-52658F7394A2}.Debug|x86.Build.0 = Debug|x86
		{27791CD5-EE10-446B-9646-52658F7394A2}.Release|Any CPU.ActiveCfg = Release|Any CPU
		{27791CD5-EE10-446B-9646-52658F7394A2}.Release|Any CPU.Build.0 = Release|Any CPU
		{27791CD5-EE10-446B-9646-52658F7394A2}.Release|x86.ActiveCfg = Release|x86
		{27791CD5-EE10-446B-9646-52658F7394A2}.Release|x86.Build.0 = Release|x86
		{10C66228-D5CB-40CD-9C0E-93A5BEFFFBDA}.Debug|Any CPU.ActiveCfg = Debug|x86
		{10C66228-D5CB-40CD-9C0E-93A5BEFFFBDA}.Debug|Any CPU.Build.0 = Debug|x86
		{10C66228-D5CB-40CD-9C0E-93A5BEFFFBDA}.Debug|x86.ActiveCfg = Debug|x86
		{10C66228-D5CB-40CD-9C0E-93A5BEFFFBDA}.Debug|x86.Build.0 = Debug|x86
		{10C66228-D5CB-40CD-9C0E-93A5BEFFFBDA}.Release|Any CPU.ActiveCfg = Release|Any CPU
		{10C66228-D5CB-40CD-9C0E-93A5BEFFFBDA}.Release|Any CPU.Build.0 = Release|Any CPU
		{10C66228-D5CB-40CD-9C0E-93A5BEFFFBDA}.Release|x86.ActiveCfg = Release|x86
		{10C66228-D5CB-40CD-9C0E-93A5BEFFFBDA}.Release|x86.Build.0 = Release|x86
		{20AD5AA1-F7E9-4EDA-9C89-5F5F0E32B7DA}.Debug|Any CPU.ActiveCfg = Debug|x86
		{20AD5AA1-F7E9-4EDA-9C89-5F5F0E32B7DA}.Debug|Any CPU.Build.0 = Debug|x86
		{20AD5AA1-F7E9-4EDA-9C89-5F5F0E32B7DA}.Debug|x86.ActiveCfg = Debug|Any CPU
		{20AD5AA1-F7E9-4EDA-9C89-5F5F0E32B7DA}.Release|Any CPU.ActiveCfg = Release|Any CPU
		{20AD5AA1-F7E9-4EDA-9C89-5F5F0E32B7DA}.Release|Any CPU.Build.0 = Release|Any CPU
		{20AD5AA1-F7E9-4EDA-9C89-5F5F0E32B7DA}.Release|x86.ActiveCfg = Release|Any CPU
		{FA6D28AA-9C14-4F7A-B3E7-03F592C54B84}.Debug|Any CPU.ActiveCfg = Debug|x86
		{FA6D28AA-9C14-4F7A-B3E7-03F592C54B84}.Debug|Any CPU.Build.0 = Debug|x86
		{FA6D28AA-9C14-4F7A-B3E7-03F592C54B84}.Debug|x86.ActiveCfg = Debug|Any CPU
		{FA6D28AA-9C14-4F7A-B3E7-03F592C54B84}.Release|Any CPU.ActiveCfg = Release|Any CPU
		{FA6D28AA-9C14-4F7A-B3E7-03F592C54B84}.Release|Any CPU.Build.0 = Release|Any CPU
		{FA6D28AA-9C14-4F7A-B3E7-03F592C54B84}.Release|x86.ActiveCfg = Release|Any CPU
	EndGlobalSection
	GlobalSection(SolutionProperties) = preSolution
		HideSolutionNode = FALSE
	EndGlobalSection
	GlobalSection(NestedProjects) = preSolution
		{27791CD5-EE10-446B-9646-52658F7394A2} = {10FED010-707E-498D-A5DA-0D35542E7D67}
		{10C66228-D5CB-40CD-9C0E-93A5BEFFFBDA} = {10FED010-707E-498D-A5DA-0D35542E7D67}
		{20AD5AA1-F7E9-4EDA-9C89-5F5F0E32B7DA} = {10FED010-707E-498D-A5DA-0D35542E7D67}
	EndGlobalSection
EndGlobal
