
Microsoft Visual Studio Solution File, Format Version 10.00
# Visual Studio 2008
Project("{FAE04EC0-301F-11D3-BF4B-00C04F79EFBC}") = "InstantScheduling", "InstantScheduling\InstantScheduling.csproj", "{705F6218-F39E-4DFB-8873-70054A1B3DAE}"
EndProject
Project("{E24C65DC-7377-472B-9ABA-BC803B73C61A}") = "WebSiteTrial", "..\WebSiteTrial\", "{2D535877-885A-483F-B387-313AADDA5480}"
	ProjectSection(WebsiteProperties) = preProject
		TargetFramework = "3.5"
		Debug.AspNetCompiler.VirtualPath = "/WebSiteTrial"
		Debug.AspNetCompiler.PhysicalPath = "..\WebSiteTrial\"
		Debug.AspNetCompiler.TargetPath = "PrecompiledWeb\WebSiteTrial\"
		Debug.AspNetCompiler.Updateable = "true"
		Debug.AspNetCompiler.ForceOverwrite = "true"
		Debug.AspNetCompiler.FixedNames = "false"
		Debug.AspNetCompiler.Debug = "True"
		Release.AspNetCompiler.VirtualPath = "/WebSiteTrial"
		Release.AspNetCompiler.PhysicalPath = "..\WebSiteTrial\"
		Release.AspNetCompiler.TargetPath = "PrecompiledWeb\WebSiteTrial\"
		Release.AspNetCompiler.Updateable = "true"
		Release.AspNetCompiler.ForceOverwrite = "true"
		Release.AspNetCompiler.FixedNames = "false"
		Release.AspNetCompiler.Debug = "False"
		VWDPort = "33064"
	EndProjectSection
EndProject
Global
	GlobalSection(SolutionConfigurationPlatforms) = preSolution
		Debug|.NET = Debug|.NET
		Debug|Any CPU = Debug|Any CPU
		Debug|Mixed Platforms = Debug|Mixed Platforms
		Release|.NET = Release|.NET
		Release|Any CPU = Release|Any CPU
		Release|Mixed Platforms = Release|Mixed Platforms
	EndGlobalSection
	GlobalSection(ProjectConfigurationPlatforms) = postSolution
		{705F6218-F39E-4DFB-8873-70054A1B3DAE}.Debug|.NET.ActiveCfg = Debug|Any CPU
		{705F6218-F39E-4DFB-8873-70054A1B3DAE}.Debug|Any CPU.ActiveCfg = Debug|Any CPU
		{705F6218-F39E-4DFB-8873-70054A1B3DAE}.Debug|Any CPU.Build.0 = Debug|Any CPU
		{705F6218-F39E-4DFB-8873-70054A1B3DAE}.Debug|Mixed Platforms.ActiveCfg = Debug|Any CPU
		{705F6218-F39E-4DFB-8873-70054A1B3DAE}.Debug|Mixed Platforms.Build.0 = Debug|Any CPU
		{705F6218-F39E-4DFB-8873-70054A1B3DAE}.Release|.NET.ActiveCfg = Release|Any CPU
		{705F6218-F39E-4DFB-8873-70054A1B3DAE}.Release|Any CPU.ActiveCfg = Release|Any CPU
		{705F6218-F39E-4DFB-8873-70054A1B3DAE}.Release|Any CPU.Build.0 = Release|Any CPU
		{705F6218-F39E-4DFB-8873-70054A1B3DAE}.Release|Mixed Platforms.ActiveCfg = Release|Any CPU
		{705F6218-F39E-4DFB-8873-70054A1B3DAE}.Release|Mixed Platforms.Build.0 = Release|Any CPU
		{2D535877-885A-483F-B387-313AADDA5480}.Debug|.NET.ActiveCfg = Debug|.NET
		{2D535877-885A-483F-B387-313AADDA5480}.Debug|.NET.Build.0 = Debug|.NET
		{2D535877-885A-483F-B387-313AADDA5480}.Debug|Any CPU.ActiveCfg = Debug|.NET
		{2D535877-885A-483F-B387-313AADDA5480}.Debug|Mixed Platforms.ActiveCfg = Debug|.NET
		{2D535877-885A-483F-B387-313AADDA5480}.Debug|Mixed Platforms.Build.0 = Debug|.NET
		{2D535877-885A-483F-B387-313AADDA5480}.Release|.NET.ActiveCfg = Debug|.NET
		{2D535877-885A-483F-B387-313AADDA5480}.Release|.NET.Build.0 = Debug|.NET
		{2D535877-885A-483F-B387-313AADDA5480}.Release|Any CPU.ActiveCfg = Debug|.NET
		{2D535877-885A-483F-B387-313AADDA5480}.Release|Mixed Platforms.ActiveCfg = Debug|.NET
		{2D535877-885A-483F-B387-313AADDA5480}.Release|Mixed Platforms.Build.0 = Debug|.NET
	EndGlobalSection
	GlobalSection(SolutionProperties) = preSolution
		HideSolutionNode = FALSE
	EndGlobalSection
EndGlobal
