
Microsoft Visual Studio Solution File, Format Version 10.00
# Visual Studio 2008
Project("{E24C65DC-7377-472B-9ABA-BC803B73C61A}") = "testLab_asp", ".", "{B1C90F24-7237-4ACA-8F32-36F90FF5605B}"
	ProjectSection(WebsiteProperties) = preProject
		TargetFramework = "3.5"
		Debug.AspNetCompiler.VirtualPath = "/testLab_asp"
		Debug.AspNetCompiler.PhysicalPath = "..\testLab_asp\"
		Debug.AspNetCompiler.TargetPath = "PrecompiledWeb\testLab_asp\"
		Debug.AspNetCompiler.Updateable = "true"
		Debug.AspNetCompiler.ForceOverwrite = "true"
		Debug.AspNetCompiler.FixedNames = "false"
		Debug.AspNetCompiler.Debug = "True"
		Release.AspNetCompiler.VirtualPath = "/testLab_asp"
		Release.AspNetCompiler.PhysicalPath = "..\testLab_asp\"
		Release.AspNetCompiler.TargetPath = "PrecompiledWeb\testLab_asp\"
		Release.AspNetCompiler.Updateable = "true"
		Release.AspNetCompiler.ForceOverwrite = "true"
		Release.AspNetCompiler.FixedNames = "false"
		Release.AspNetCompiler.Debug = "False"
		VWDPort = "1560"
	EndProjectSection
EndProject
Global
	GlobalSection(SolutionConfigurationPlatforms) = preSolution
		Debug|Any CPU = Debug|Any CPU
	EndGlobalSection
	GlobalSection(ProjectConfigurationPlatforms) = postSolution
		{B1C90F24-7237-4ACA-8F32-36F90FF5605B}.Debug|Any CPU.ActiveCfg = Debug|Any CPU
		{B1C90F24-7237-4ACA-8F32-36F90FF5605B}.Debug|Any CPU.Build.0 = Debug|Any CPU
	EndGlobalSection
	GlobalSection(SolutionProperties) = preSolution
		HideSolutionNode = FALSE
	EndGlobalSection
EndGlobal
